// !$*UTF8*$!
{
	archiveVersion = 1;
	classes = {
	};
	objectVersion = 46;
	objects = {

/* Begin PBXBuildFile section */
		D6DA73BF1C673D9100650669 /* AppDelegate.swift in Sources */ = {isa = PBXBuildFile; fileRef = D6DA73BE1C673D9100650669 /* AppDelegate.swift */; };
		D6DA73C11C673D9100650669 /* ViewController.swift in Sources */ = {isa = PBXBuildFile; fileRef = D6DA73C01C673D9100650669 /* ViewController.swift */; };
		D6DA73C41C673D9100650669 /* Main.storyboard in Resources */ = {isa = PBXBuildFile; fileRef = D6DA73C21C673D9100650669 /* Main.storyboard */; };
		D6DA73C61C673D9100650669 /* Assets.xcassets in Resources */ = {isa = PBXBuildFile; fileRef = D6DA73C51C673D9100650669 /* Assets.xcassets */; };
		D6DA73C91C673D9100650669 /* LaunchScreen.storyboard in Resources */ = {isa = PBXBuildFile; fileRef = D6DA73C71C673D9100650669 /* LaunchScreen.storyboard */; };
/* End PBXBuildFile section */

/* Begin PBXFileReference section */
		D6DA73BB1C673D9100650669 /* Socialiser.app */ = {isa = PBXFileReference; explicitFileType = wrapper.application; includeInIndex = 0; path = Socialiser.app; sourceTree = BUILT_PRODUCTS_DIR; };
		D6DA73BE1C673D9100650669 /* AppDelegate.swift */ = {isa = PBXFileReference; lastKnownFileType = sourcecode.swift; path = AppDelegate.swift; sourceTree = "<group>"; };
		D6DA73C01C673D9100650669 /* ViewController.swift */ = {isa = PBXFileReference; lastKnownFileType = sourcecode.swift; path = ViewController.swift; sourceTree = "<group>"; };
		D6DA73C31C673D9100650669 /* Base */ = {isa = PBXFileReference; lastKnownFileType = file.storyboard; name = Base; path = Base.lproj/Main.storyboard; sourceTree = "<group>"; };
		D6DA73C51C673D9100650669 /* Assets.xcassets */ = {isa = PBXFileReference; lastKnownFileType = folder.assetcatalog; path = Assets.xcassets; sourceTree = "<group>"; };
		D6DA73C81C673D9100650669 /* Base */ = {isa = PBXFileReference; lastKnownFileType = file.storyboard; name = Base; path = Base.lproj/LaunchScreen.storyboard; sourceTree = "<group>"; };
		D6DA73CA1C673D9100650669 /* Info.plist */ = {isa = PBXFileReference; lastKnownFileType = text.plist.xml; path = Info.plist; sourceTree = "<group>"; };
/* End PBXFileReference section */

/* Begin PBXFrameworksBuildPhase section */
		D6DA73B81C673D9100650669 /* Frameworks */ = {
			isa = PBXFrameworksBuildPhase;
			buildActionMask = 2147483647;
			files = (
			);
			runOnlyForDeploymentPostprocessing = 0;
		};
/* End PBXFrameworksBuildPhase section */

/* Begin PBXGroup section */
		D6DA73B21C673D9100650669 = {
			isa = PBXGroup;
			children = (
				D6DA73BD1C673D9100650669 /* Socialiser */,
				D6DA73BC1C673D9100650669 /* Products */,
			);
			sourceTree = "<group>";
		};
		D6DA73BC1C673D9100650669 /* Products */ = {
			isa = PBXGroup;
			children = (
				D6DA73BB1C673D9100650669 /* Socialiser.app */,
			);
			name = Products;
			sourceTree = "<group>";
		};
		D6DA73BD1C673D9100650669 /* Socialiser */ = {
			isa = PBXGroup;
			children = (
				D6DA73BE1C673D9100650669 /* AppDelegate.swift */,
				D6DA73C01C673D9100650669 /* ViewController.swift */,
				D6DA73C21C673D9100650669 /* Main.storyboard */,
				D6DA73C51C673D9100650669 /* Assets.xcassets */,
				D6DA73C71C673D9100650669 /* LaunchScreen.storyboard */,
				D6DA73CA1C673D9100650669 /* Info.plist */,
			);
			path = Socialiser;
			sourceTree = "<group>";
		};
/* End PBXGroup section */

/* Begin PBXNativeTarget section */
		D6DA73BA1C673D9100650669 /* Socialiser */ = {
			isa = PBXNativeTarget;
			buildConfigurationList = D6DA73CD1C673D9100650669 /* Build configuration list for PBXNativeTarget "Socialiser" */;
			buildPhases = (
				D6DA73B71C673D9100650669 /* Sources */,
				D6DA73B81C673D9100650669 /* Frameworks */,
				D6DA73B91C673D9100650669 /* Resources */,
			);
			buildRules = (
			);
			dependencies = (
			);
			name = Socialiser;
			productName = Socialiser;
			productReference = D6DA73BB1C673D9100650669 /* Socialiser.app */;
			productType = "com.apple.product-type.application";
		};
/* End PBXNativeTarget section */

/* Begin PBXProject section */
		D6DA73B31C673D9100650669 /* Project object */ = {
			isa = PBXProject;
			attributes = {
				LastSwiftUpdateCheck = 0720;
				LastUpgradeCheck = 0720;
				ORGANIZATIONNAME = "Amr Sami";
				TargetAttributes = {
					D6DA73BA1C673D9100650669 = {
						CreatedOnToolsVersion = 7.2;
					};
				};
			};
			buildConfigurationList = D6DA73B61C673D9100650669 /* Build configuration list for PBXProject "Socialiser" */;
			compatibilityVersion = "Xcode 3.2";
			developmentRegion = English;
			hasScannedForEncodings = 0;
			knownRegions = (
				en,
				Base,
			);
			mainGroup = D6DA73B21C673D9100650669;
			productRefGroup = D6DA73BC1C673D9100650669 /* Products */;
			projectDirPath = "";
			projectRoot = "";
			targets = (
				D6DA73BA1C673D9100650669 /* Socialiser */,
			);
		};
/* End PBXProject section */

/* Begin PBXResourcesBuildPhase section */
		D6DA73B91C673D9100650669 /* Resources */ = {
			isa = PBXResourcesBuildPhase;
			buildActionMask = 2147483647;
			files = (
				D6DA73C91C673D9100650669 /* LaunchScreen.storyboard in Resources */,
				D6DA73C61C673D9100650669 /* Assets.xcassets in Resources */,
				D6DA73C41C673D9100650669 /* Main.storyboard in Resources */,
			);
			runOnlyForDeploymentPostprocessing = 0;
		};
/* End PBXResourcesBuildPhase section */

/* Begin PBXSourcesBuildPhase section */
		D6DA73B71C673D9100650669 /* Sources */ = {
			isa = PBXSourcesBuildPhase;
			buildActionMask = 2147483647;
			files = (
				D6DA73C11C673D9100650669 /* ViewController.swift in Sources */,
				D6DA73BF1C673D9100650669 /* AppDelegate.swift in Sources */,
			);
			runOnlyForDeploymentPostprocessing = 0;
		};
/* End PBXSourcesBuildPhase section */

/* Begin PBXVariantGroup section */
		D6DA73C21C673D9100650669 /* Main.storyboard */ = {
			isa = PBXVariantGroup;
			children = (
				D6DA73C31C673D9100650669 /* Base */,
			);
			name = Main.storyboard;
			sourceTree = "<group>";
		};
		D6DA73C71C673D9100650669 /* LaunchScreen.storyboard */ = {
			isa = PBXVariantGroup;
			children = (
				D6DA73C81C673D9100650669 /* Base */,
			);
			name = LaunchScreen.storyboard;
			sourceTree = "<group>";
		};
/* End PBXVariantGroup section */

/* Begin XCBuildConfiguration section */
		D6DA73CB1C673D9100650669 /* Debug */ = {
			isa = XCBuildConfiguration;
			buildSettings = {
				ALWAYS_SEARCH_USER_PATHS = NO;
				CLANG_CXX_LANGUAGE_STANDARD = "gnu++0x";
				CLANG_CXX_LIBRARY = "libc++";
				CLANG_ENABLE_MODULES = YES;
				CLANG_ENABLE_OBJC_ARC = YES;
				CLANG_WARN_BOOL_CONVERSION = YES;
				CLANG_WARN_CONSTANT_CONVERSION = YES;
				CLANG_WARN_DIRECT_OBJC_ISA_USAGE = YES_ERROR;
				CLANG_WARN_EMPTY_BODY = YES;
				CLANG_WARN_ENUM_CONVERSION = YES;
				CLANG_WARN_INT_CONVERSION = YES;
				CLANG_WARN_OBJC_ROOT_CLASS = YES_ERROR;
				CLANG_WARN_UNREACHABLE_CODE = YES;
				CLANG_WARN__DUPLICATE_METHOD_MATCH = YES;
				"CODE_SIGN_IDENTITY[sdk=iphoneos*]" = "iPhone Developer";
				COPY_PHASE_STRIP = NO;
				DEBUG_INFORMATION_FORMAT = dwarf;
				ENABLE_STRICT_OBJC_MSGSEND = YES;
				ENABLE_TESTABILITY = YES;
				GCC_C_LANGUAGE_STANDARD = gnu99;
				GCC_DYNAMIC_NO_PIC = NO;
				GCC_NO_COMMON_BLOCKS = YES;
				GCC_OPTIMIZATION_LEVEL = 0;
				GCC_PREPROCESSOR_DEFINITIONS = (
					"DEBUG=1",
					"$(inherited)",
				);
				GCC_WARN_64_TO_32_BIT_CONVERSION = YES;
				GCC_WARN_ABOUT_RETURN_TYPE = YES_ERROR;
				GCC_WARN_UNDECLARED_SELECTOR = YES;
				GCC_WARN_UNINITIALIZED_AUTOS = YES_AGGRESSIVE;
				GCC_WARN_UNUSED_FUNCTION = YES;
				GCC_WARN_UNUSED_VARIABLE = YES;
				IPHONEOS_DEPLOYMENT_TARGET = 9.2;
				MTL_ENABLE_DEBUG_INFO = YES;
				ONLY_ACTIVE_ARCH = YES;
				SDKROOT = iphoneos;
				SWIFT_OPTIMIZATION_LEVEL = "-Onone";
				TARGETED_DEVICE_FAMILY = "1,2";
			};
			name = Debug;
		};
		D6DA73CC1C673D9100650669 /* Release */ = {
			isa = XCBuildConfiguration;
			buildSettings = {
				ALWAYS_SEARCH_USER_PATHS = NO;
				CLANG_CXX_LANGUAGE_STANDARD = "gnu++0x";
				CLANG_CXX_LIBRARY = "libc++";
				CLANG_ENABLE_MODULES = YES;
				CLANG_ENABLE_OBJC_ARC = YES;
				CLANG_WARN_BOOL_CONVERSION = YES;
				CLANG_WARN_CONSTANT_CONVERSION = YES;
				CLANG_WARN_DIRECT_OBJC_ISA_USAGE = YES_ERROR;
				CLANG_WARN_EMPTY_BODY = YES;
				CLANG_WARN_ENUM_CONVERSION = YES;
				CLANG_WARN_INT_CONVERSION = YES;
				CLANG_WARN_OBJC_ROOT_CLASS = YES_ERROR;
				CLANG_WARN_UNREACHABLE_CODE = YES;
				CLANG_WARN__DUPLICATE_METHOD_MATCH = YES;
				"CODE_SIGN_IDENTITY[sdk=iphoneos*]" = "iPhone Developer";
				COPY_PHASE_STRIP = NO;
				DEBUG_INFORMATION_FORMAT = "dwarf-with-dsym";
				ENABLE_NS_ASSERTIONS = NO;
				ENABLE_STRICT_OBJC_MSGSEND = YES;
				GCC_C_LANGUAGE_STANDARD = gnu99;
				GCC_NO_COMMON_BLOCKS = YES;
				GCC_WARN_64_TO_32_BIT_CONVERSION = YES;
				GCC_WARN_ABOUT_RETURN_TYPE = YES_ERROR;
				GCC_WARN_UNDECLARED_SELECTOR = YES;
				GCC_WARN_UNINITIALIZED_AUTOS = YES_AGGRESSIVE;
				GCC_WARN_UNUSED_FUNCTION = YES;
				GCC_WARN_UNUSED_VARIABLE = YES;
				IPHONEOS_DEPLOYMENT_TARGET = 9.2;
				MTL_ENABLE_DEBUG_INFO = NO;
				SDKROOT = iphoneos;
				TARGETED_DEVICE_FAMILY = "1,2";
				VALIDATE_PRODUCT = YES;
			};
			name = Release;
		};
		D6DA73CE1C673D9100650669 /* Debug */ = {
			isa = XCBuildConfiguration;
			buildSettings = {
				ASSETCATALOG_COMPILER_APPICON_NAME = AppIcon;
				INFOPLIST_FILE = Socialiser/Info.plist;
				LD_RUNPATH_SEARCH_PATHS = "$(inherited) @executable_path/Frameworks";
				PRODUCT_BUNDLE_IDENTIFIER = com.amrsami.Socialiser;
				PRODUCT_NAME = "$(TARGET_NAME)";
			};
			name = Debug;
		};
		D6DA73CF1C673D9100650669 /* Release */ = {
			isa = XCBuildConfiguration;
			buildSettings = {
				ASSETCATALOG_COMPILER_APPICON_NAME = AppIcon;
				INFOPLIST_FILE = Socialiser/Info.plist;
				LD_RUNPATH_SEARCH_PATHS = "$(inherited) @executable_path/Frameworks";
				PRODUCT_BUNDLE_IDENTIFIER = com.amrsami.Socialiser;
				PRODUCT_NAME = "$(TARGET_NAME)";
			};
			name = Release;
		};
/* End XCBuildConfiguration section */

/* Begin XCConfigurationList section */
		D6DA73B61C673D9100650669 /* Build configuration list for PBXProject "Socialiser" */ = {
			isa = XCConfigurationList;
			buildConfigurations = (
				D6DA73CB1C673D9100650669 /* Debug */,
				D6DA73CC1C673D9100650669 /* Release */,
			);
			defaultConfigurationIsVisible = 0;
			defaultConfigurationName = Release;
		};
		D6DA73CD1C673D9100650669 /* Build configuration list for PBXNativeTarget "Socialiser" */ = {
			isa = XCConfigurationList;
			buildConfigurations = (
				D6DA73CE1C673D9100650669 /* Debug */,
				D6DA73CF1C673D9100650669 /* Release */,
			);
			defaultConfigurationIsVisible = 0;
		};
/* End XCConfigurationList section */
	};
	rootObject = D6DA73B31C673D9100650669 /* Project object */;
}
